
Microsoft Visual Studio Solution File, Format Version 12.00
# Visual Studio 15
VisualStudioVersion = 15.0.28307.489
MinimumVisualStudioVersion = 10.0.40219.1
Project("{FAE04EC0-301F-11D3-BF4B-00C04F79EFBC}") = "Principal", "Principal\Principal.csproj", "{DEA49386-05D6-4A3C-A66E-30670DE6DDBE}"
EndProject
Global
	GlobalSection(SolutionConfigurationPlatforms) = preSolution
		Debug|Any CPU = Debug|Any CPU
		Release|Any CPU = Release|Any CPU
	EndGlobalSection
	GlobalSection(ProjectConfigurationPlatforms) = postSolution
		{DEA49386-05D6-4A3C-A66E-30670DE6DDBE}.Debug|Any CPU.ActiveCfg = Debug|Any CPU
		{DEA49386-05D6-4A3C-A66E-30670DE6DDBE}.Debug|Any CPU.Build.0 = Debug|Any CPU
		{DEA49386-05D6-4A3C-A66E-30670DE6DDBE}.Release|Any CPU.ActiveCfg = Release|Any CPU
		{DEA49386-05D6-4A3C-A66E-30670DE6DDBE}.Release|Any CPU.Build.0 = Release|Any CPU
	EndGlobalSection
	GlobalSection(SolutionProperties) = preSolution
		HideSolutionNode = FALSE
	EndGlobalSection
	GlobalSection(ExtensibilityGlobals) = postSolution
		SolutionGuid = {0A027D53-D1E6-4817-966A-FFF2261DB15C}
	EndGlobalSection
EndGlobal
